
Microsoft Visual Studio Solution File, Format Version 12.00
# Visual Studio Version 17
VisualStudioVersion = 17.9.34728.123
MinimumVisualStudioVersion = 10.0.40219.1
Project("{FAE04EC0-301F-11D3-BF4B-00C04F79EFBC}") = "NeptuneSerialzer", "NeptuneSerialzer.csproj", "{961766E2-9033-4B15-9A80-5E6252467401}"
EndProject
Global
	GlobalSection(SolutionConfigurationPlatforms) = preSolution
		Debug|Any CPU = Debug|Any CPU
		Release|Any CPU = Release|Any CPU
	EndGlobalSection
	GlobalSection(ProjectConfigurationPlatforms) = postSolution
		{961766E2-9033-4B15-9A80-5E6252467401}.Debug|Any CPU.ActiveCfg = Debug|Any CPU
		{961766E2-9033-4B15-9A80-5E6252467401}.Debug|Any CPU.Build.0 = Debug|Any CPU
		{961766E2-9033-4B15-9A80-5E6252467401}.Release|Any CPU.ActiveCfg = Release|Any CPU
		{961766E2-9033-4B15-9A80-5E6252467401}.Release|Any CPU.Build.0 = Release|Any CPU
	EndGlobalSection
	GlobalSection(SolutionProperties) = preSolution
		HideSolutionNode = FALSE
	EndGlobalSection
	GlobalSection(ExtensibilityGlobals) = postSolution
		SolutionGuid = {A7EF3F32-C797-4085-B20E-528B265BCE68}
	EndGlobalSection
EndGlobal
